
Microsoft Visual Studio Solution File, Format Version 12.00
# Visual Studio 2012
Project("{E24C65DC-7377-472B-9ABA-BC803B73C61A}") = "V4", "..\V4", "{0FC63EF5-4558-478C-93C4-3FEFBDAF1661}"
	ProjectSection(WebsiteProperties) = preProject
		TargetFrameworkMoniker = ".NETFramework,Version%3Dv2.0"
		Debug.AspNetCompiler.VirtualPath = "/V4"
		Debug.AspNetCompiler.PhysicalPath = "..\V4\"
		Debug.AspNetCompiler.TargetPath = "PrecompiledWeb\V4\"
		Debug.AspNetCompiler.Updateable = "true"
		Debug.AspNetCompiler.ForceOverwrite = "true"
		Debug.AspNetCompiler.FixedNames = "false"
		Debug.AspNetCompiler.Debug = "True"
		Release.AspNetCompiler.VirtualPath = "/V4"
		Release.AspNetCompiler.PhysicalPath = "..\V4\"
		Release.AspNetCompiler.TargetPath = "PrecompiledWeb\V4\"
		Release.AspNetCompiler.Updateable = "true"
		Release.AspNetCompiler.ForceOverwrite = "true"
		Release.AspNetCompiler.FixedNames = "false"
		Release.AspNetCompiler.Debug = "False"
		VWDPort = "1080"
	EndProjectSection
EndProject
Global
	GlobalSection(SolutionConfigurationPlatforms) = preSolution
		Debug|Any CPU = Debug|Any CPU
		Release|Any CPU = Release|Any CPU
	EndGlobalSection
	GlobalSection(ProjectConfigurationPlatforms) = postSolution
		{0FC63EF5-4558-478C-93C4-3FEFBDAF1661}.Debug|Any CPU.ActiveCfg = Debug|Any CPU
		{0FC63EF5-4558-478C-93C4-3FEFBDAF1661}.Debug|Any CPU.Build.0 = Debug|Any CPU
		{0FC63EF5-4558-478C-93C4-3FEFBDAF1661}.Release|Any CPU.ActiveCfg = Debug|Any CPU
		{0FC63EF5-4558-478C-93C4-3FEFBDAF1661}.Release|Any CPU.Build.0 = Debug|Any CPU
	EndGlobalSection
	GlobalSection(SolutionProperties) = preSolution
		HideSolutionNode = FALSE
	EndGlobalSection
EndGlobal
